
Microsoft Visual Studio Solution File, Format Version 12.00
# Visual Studio Version 17
VisualStudioVersion = 17.7.34031.279
MinimumVisualStudioVersion = 10.0.40219.1
Project("{FAE04EC0-301F-11D3-BF4B-00C04F79EFBC}") = "MethodsPractice", "MethodsPractice\MethodsPractice.csproj", "{DC142128-4561-45F4-9807-9D5968A5661C}"
EndProject
Global
	GlobalSection(SolutionConfigurationPlatforms) = preSolution
		Debug|Any CPU = Debug|Any CPU
		Release|Any CPU = Release|Any CPU
	EndGlobalSection
	GlobalSection(ProjectConfigurationPlatforms) = postSolution
		{DC142128-4561-45F4-9807-9D5968A5661C}.Debug|Any CPU.ActiveCfg = Debug|Any CPU
		{DC142128-4561-45F4-9807-9D5968A5661C}.Debug|Any CPU.Build.0 = Debug|Any CPU
		{DC142128-4561-45F4-9807-9D5968A5661C}.Release|Any CPU.ActiveCfg = Release|Any CPU
		{DC142128-4561-45F4-9807-9D5968A5661C}.Release|Any CPU.Build.0 = Release|Any CPU
	EndGlobalSection
	GlobalSection(SolutionProperties) = preSolution
		HideSolutionNode = FALSE
	EndGlobalSection
	GlobalSection(ExtensibilityGlobals) = postSolution
		SolutionGuid = {2B668D8C-9743-4AD7-9E70-0CD46ED91992}
	EndGlobalSection
EndGlobal
